
Microsoft Visual Studio Solution File, Format Version 12.00
# Blend for Visual Studio Version 17
VisualStudioVersion = 17.5.33516.290
MinimumVisualStudioVersion = 10.0.40219.1
Project("{9A19103F-16F7-4668-BE54-9A1E7A4F7556}") = "Multi-Tool", "Multi-Tool.csproj", "{58328EBD-D50E-4477-9265-6D0548B0558D}"
EndProject
Project("{2150E333-8FDC-42A3-9474-1A3956D46DE8}") = "Solution Items", "Solution Items", "{CA33A1DA-46BC-4266-9E0E-35EA28EDFF89}"
	ProjectSection(SolutionItems) = preProject
		.editorconfig = .editorconfig
	EndProjectSection
EndProject
Global
	GlobalSection(SolutionConfigurationPlatforms) = preSolution
		Debug|Any CPU = Debug|Any CPU
		Release|Any CPU = Release|Any CPU
	EndGlobalSection
	GlobalSection(ProjectConfigurationPlatforms) = postSolution
		{58328EBD-D50E-4477-9265-6D0548B0558D}.Debug|Any CPU.ActiveCfg = Debug|Any CPU
		{58328EBD-D50E-4477-9265-6D0548B0558D}.Debug|Any CPU.Build.0 = Debug|Any CPU
		{58328EBD-D50E-4477-9265-6D0548B0558D}.Release|Any CPU.ActiveCfg = Release|Any CPU
		{58328EBD-D50E-4477-9265-6D0548B0558D}.Release|Any CPU.Build.0 = Release|Any CPU
	EndGlobalSection
	GlobalSection(SolutionProperties) = preSolution
		HideSolutionNode = FALSE
	EndGlobalSection
	GlobalSection(ExtensibilityGlobals) = postSolution
		SolutionGuid = {CAA9BDFB-48F2-4529-A301-1C3EDBB05209}
	EndGlobalSection
EndGlobal
